{
  "version": "3",
  "packages": {
    "specifiers": {
      "npm:ffi-napi": "npm:ffi-napi@4.0.3",
      "npm:ref-napi": "npm:ref-napi@3.0.3"
    },
    "npm": {
      "debug@3.2.7": {
        "integrity": "sha512-CFjzYYAi4ThfiQvizrFQevTTXHtnCqWfe7x1AhgEscTz6ZbLbfoLRLPugTQyBth6f8ZERVUSyWHFD/7Wu4t1XQ==",
        "dependencies": {
          "ms": "ms@2.1.2"
        }
      },
      "debug@4.3.4": {
        "integrity": "sha512-PRWFHuSU3eDtQJPvnNY7Jcket1j0t5OuOsFzPPzsekD52Zl8qUfFIPEiswXqIvHWGVHOgX+7G/vCNNhehwxfkQ==",
        "dependencies": {
          "ms": "ms@2.1.2"
        }
      },
      "ffi-napi@4.0.3": {
        "integrity": "sha512-PMdLCIvDY9mS32RxZ0XGb95sonPRal8aqRhLbeEtWKZTe2A87qRFG9HjOhvG8EX2UmQw5XNRMIOT+1MYlWmdeg==",
        "dependencies": {
          "debug": "debug@4.3.4",
          "get-uv-event-loop-napi-h": "get-uv-event-loop-napi-h@1.0.6",
          "node-addon-api": "node-addon-api@3.2.1",
          "node-gyp-build": "node-gyp-build@4.8.1",
          "ref-napi": "ref-napi@3.0.3",
          "ref-struct-di": "ref-struct-di@1.1.1"
        }
      },
      "get-symbol-from-current-process-h@1.0.2": {
        "integrity": "sha512-syloC6fsCt62ELLrr1VKBM1ggOpMdetX9hTrdW77UQdcApPHLmf7CI7OKcN1c9kYuNxKcDe4iJ4FY9sX3aw2xw==",
        "dependencies": {}
      },
      "get-uv-event-loop-napi-h@1.0.6": {
        "integrity": "sha512-t5c9VNR84nRoF+eLiz6wFrEp1SE2Acg0wS+Ysa2zF0eROes+LzOfuTaVHxGy8AbS8rq7FHEJzjnCZo1BupwdJg==",
        "dependencies": {
          "get-symbol-from-current-process-h": "get-symbol-from-current-process-h@1.0.2"
        }
      },
      "ms@2.1.2": {
        "integrity": "sha512-sGkPx+VjMtmA6MX27oA4FBFELFCZZ4S4XqeGOXCv68tT+jb3vk/RyaKWP0PTKyWtmLSM0b+adUTEvbs1PEaH2w==",
        "dependencies": {}
      },
      "node-addon-api@3.2.1": {
        "integrity": "sha512-mmcei9JghVNDYydghQmeDX8KoAm0FAiYyIcUt/N4nhyAipB17pllZQDOJD2fotxABnt4Mdz+dKTO7eftLg4d0A==",
        "dependencies": {}
      },
      "node-gyp-build@4.8.1": {
        "integrity": "sha512-OSs33Z9yWr148JZcbZd5WiAXhh/n9z8TxQcdMhIOlpN9AhWpLfvVFO73+m77bBABQMaY9XSvIa+qk0jlI7Gcaw==",
        "dependencies": {}
      },
      "ref-napi@3.0.3": {
        "integrity": "sha512-LiMq/XDGcgodTYOMppikEtJelWsKQERbLQsYm0IOOnzhwE9xYZC7x8txNnFC9wJNOkPferQI4vD4ZkC0mDyrOA==",
        "dependencies": {
          "debug": "debug@4.3.4",
          "get-symbol-from-current-process-h": "get-symbol-from-current-process-h@1.0.2",
          "node-addon-api": "node-addon-api@3.2.1",
          "node-gyp-build": "node-gyp-build@4.8.1"
        }
      },
      "ref-struct-di@1.1.1": {
        "integrity": "sha512-2Xyn/0Qgz89VT+++WP0sTosdm9oeowLP23wRJYhG4BFdMUrLj3jhwHZNEytYNYgtPKLNTP3KJX4HEgBvM1/Y2g==",
        "dependencies": {
          "debug": "debug@3.2.7"
        }
      }
    }
  },
  "remote": {}
}
